
Microsoft Visual Studio Solution File, Format Version 12.00
# Visual Studio Version 16
VisualStudioVersion = 16.0.31410.357
MinimumVisualStudioVersion = 10.0.40219.1
Project("{FAE04EC0-301F-11D3-BF4B-00C04F79EFBC}") = "SNS Scan Images", "SNS Scan Images.csproj", "{966E6410-9DCE-4AA7-A32B-776DB7B30B7A}"
EndProject
Global
	GlobalSection(SolutionConfigurationPlatforms) = preSolution
		Debug|Any CPU = Debug|Any CPU
		Release|Any CPU = Release|Any CPU
	EndGlobalSection
	GlobalSection(ProjectConfigurationPlatforms) = postSolution
		{966E6410-9DCE-4AA7-A32B-776DB7B30B7A}.Debug|Any CPU.ActiveCfg = Debug|Any CPU
		{966E6410-9DCE-4AA7-A32B-776DB7B30B7A}.Debug|Any CPU.Build.0 = Debug|Any CPU
		{966E6410-9DCE-4AA7-A32B-776DB7B30B7A}.Release|Any CPU.ActiveCfg = Release|Any CPU
		{966E6410-9DCE-4AA7-A32B-776DB7B30B7A}.Release|Any CPU.Build.0 = Release|Any CPU
	EndGlobalSection
	GlobalSection(SolutionProperties) = preSolution
		HideSolutionNode = FALSE
	EndGlobalSection
	GlobalSection(ExtensibilityGlobals) = postSolution
		SolutionGuid = {CC7FAE8E-32B6-4E07-9ADC-81FEEFE47DB3}
	EndGlobalSection
EndGlobal
